github.com/ralvarezdev/go-strings v0.1.16 h1:0yc7yamYEWVrFTK3C95IjSE5IqCs3H1alIIVEmzIolY=
github.com/ralvarezdev/go-strings v0.1.16/go.mod h1:8sFOqmPJpqzS7bTjf91EzUCITnwpmkfifwY80GxV5r8=
github.com/ralvarezdev/go-strings v0.1.17 h1:HFFqe5fVqsYdaOsj+yoVtgIgkNXubDHSz5ubN8V6iW8=
github.com/ralvarezdev/go-strings v0.1.17/go.mod h1:8sFOqmPJpqzS7bTjf91EzUCITnwpmkfifwY80GxV5r8=
